
Microsoft Visual Studio Solution File, Format Version 12.00
Project("{FAE04EC0-301F-11D3-BF4B-00C04F79EFBC}") = "MergeTemplates", "MergeTemplates\MergeTemplates.csproj", "{ECC771B6-E61E-4F8A-B30E-B55FF42F957A}"
EndProject
Global
	GlobalSection(SolutionConfigurationPlatforms) = preSolution
		Debug|Any CPU = Debug|Any CPU
		Release|Any CPU = Release|Any CPU
	EndGlobalSection
	GlobalSection(ProjectConfigurationPlatforms) = postSolution
		{ECC771B6-E61E-4F8A-B30E-B55FF42F957A}.Debug|Any CPU.ActiveCfg = Debug|Any CPU
		{ECC771B6-E61E-4F8A-B30E-B55FF42F957A}.Debug|Any CPU.Build.0 = Debug|Any CPU
		{ECC771B6-E61E-4F8A-B30E-B55FF42F957A}.Release|Any CPU.ActiveCfg = Release|Any CPU
		{ECC771B6-E61E-4F8A-B30E-B55FF42F957A}.Release|Any CPU.Build.0 = Release|Any CPU
	EndGlobalSection
EndGlobal
